
Microsoft Visual Studio Solution File, Format Version 12.00
# Visual Studio Version 17
VisualStudioVersion = 17.1.32328.378
MinimumVisualStudioVersion = 10.0.40219.1
Project("{9A19103F-16F7-4668-BE54-9A1E7A4F7556}") = "Graph", "Graph\Graph.csproj", "{0CC7ECFF-B8E6-4672-9DE9-4FD0F5EBC662}"
EndProject
Project("{FAE04EC0-301F-11D3-BF4B-00C04F79EFBC}") = "GraphTest", "GraphTest\GraphTest.csproj", "{3C28CC51-52C0-4B7E-8F30-B336597E010E}"
EndProject
Global
	GlobalSection(SolutionConfigurationPlatforms) = preSolution
		Debug|Any CPU = Debug|Any CPU
		Release|Any CPU = Release|Any CPU
	EndGlobalSection
	GlobalSection(ProjectConfigurationPlatforms) = postSolution
		{0CC7ECFF-B8E6-4672-9DE9-4FD0F5EBC662}.Debug|Any CPU.ActiveCfg = Debug|Any CPU
		{0CC7ECFF-B8E6-4672-9DE9-4FD0F5EBC662}.Debug|Any CPU.Build.0 = Debug|Any CPU
		{0CC7ECFF-B8E6-4672-9DE9-4FD0F5EBC662}.Release|Any CPU.ActiveCfg = Release|Any CPU
		{0CC7ECFF-B8E6-4672-9DE9-4FD0F5EBC662}.Release|Any CPU.Build.0 = Release|Any CPU
		{3C28CC51-52C0-4B7E-8F30-B336597E010E}.Debug|Any CPU.ActiveCfg = Debug|Any CPU
		{3C28CC51-52C0-4B7E-8F30-B336597E010E}.Debug|Any CPU.Build.0 = Debug|Any CPU
		{3C28CC51-52C0-4B7E-8F30-B336597E010E}.Release|Any CPU.ActiveCfg = Release|Any CPU
		{3C28CC51-52C0-4B7E-8F30-B336597E010E}.Release|Any CPU.Build.0 = Release|Any CPU
	EndGlobalSection
	GlobalSection(SolutionProperties) = preSolution
		HideSolutionNode = FALSE
	EndGlobalSection
	GlobalSection(ExtensibilityGlobals) = postSolution
		SolutionGuid = {44285DE6-0D75-4CE5-A066-D9D9C4CB3B2E}
	EndGlobalSection
EndGlobal
