
Microsoft Visual Studio Solution File, Format Version 12.00
# Visual Studio Version 17
VisualStudioVersion = 17.1.32328.378
MinimumVisualStudioVersion = 10.0.40219.1
Project("{FAE04EC0-301F-11D3-BF4B-00C04F79EFBC}") = "Animal-Shelter", "Animal-Shelter\Animal-Shelter.csproj", "{435DF98E-C804-4661-81B4-338315E4D04E}"
EndProject
Project("{FAE04EC0-301F-11D3-BF4B-00C04F79EFBC}") = "TestAnimalShelter", "TestAnimalShelter\TestAnimalShelter.csproj", "{C416C61A-955B-4739-B0EF-BC7B8F5DC45C}"
EndProject
Global
	GlobalSection(SolutionConfigurationPlatforms) = preSolution
		Debug|Any CPU = Debug|Any CPU
		Release|Any CPU = Release|Any CPU
	EndGlobalSection
	GlobalSection(ProjectConfigurationPlatforms) = postSolution
		{435DF98E-C804-4661-81B4-338315E4D04E}.Debug|Any CPU.ActiveCfg = Debug|Any CPU
		{435DF98E-C804-4661-81B4-338315E4D04E}.Debug|Any CPU.Build.0 = Debug|Any CPU
		{435DF98E-C804-4661-81B4-338315E4D04E}.Release|Any CPU.ActiveCfg = Release|Any CPU
		{435DF98E-C804-4661-81B4-338315E4D04E}.Release|Any CPU.Build.0 = Release|Any CPU
		{C416C61A-955B-4739-B0EF-BC7B8F5DC45C}.Debug|Any CPU.ActiveCfg = Debug|Any CPU
		{C416C61A-955B-4739-B0EF-BC7B8F5DC45C}.Debug|Any CPU.Build.0 = Debug|Any CPU
		{C416C61A-955B-4739-B0EF-BC7B8F5DC45C}.Release|Any CPU.ActiveCfg = Release|Any CPU
		{C416C61A-955B-4739-B0EF-BC7B8F5DC45C}.Release|Any CPU.Build.0 = Release|Any CPU
	EndGlobalSection
	GlobalSection(SolutionProperties) = preSolution
		HideSolutionNode = FALSE
	EndGlobalSection
	GlobalSection(ExtensibilityGlobals) = postSolution
		SolutionGuid = {357C0BE0-40BD-4118-B889-8CA5E21DB884}
	EndGlobalSection
EndGlobal
