
Microsoft Visual Studio Solution File, Format Version 12.00
# Visual Studio Version 17
VisualStudioVersion = 17.1.32328.378
MinimumVisualStudioVersion = 10.0.40219.1
Project("{FAE04EC0-301F-11D3-BF4B-00C04F79EFBC}") = "Stack-queue-brackets", "Stack-queue-brackets\Stack-queue-brackets.csproj", "{3668B02C-DE7F-4976-A78D-83B9DE523A20}"
EndProject
Project("{FAE04EC0-301F-11D3-BF4B-00C04F79EFBC}") = "Test-Stack-Queue-Brackets", "Test-Stack-Queue-Brackets\Test-Stack-Queue-Brackets.csproj", "{A088C782-9AB2-4856-A4E7-3FD0AAC80297}"
EndProject
Global
	GlobalSection(SolutionConfigurationPlatforms) = preSolution
		Debug|Any CPU = Debug|Any CPU
		Release|Any CPU = Release|Any CPU
	EndGlobalSection
	GlobalSection(ProjectConfigurationPlatforms) = postSolution
		{3668B02C-DE7F-4976-A78D-83B9DE523A20}.Debug|Any CPU.ActiveCfg = Debug|Any CPU
		{3668B02C-DE7F-4976-A78D-83B9DE523A20}.Debug|Any CPU.Build.0 = Debug|Any CPU
		{3668B02C-DE7F-4976-A78D-83B9DE523A20}.Release|Any CPU.ActiveCfg = Release|Any CPU
		{3668B02C-DE7F-4976-A78D-83B9DE523A20}.Release|Any CPU.Build.0 = Release|Any CPU
		{A088C782-9AB2-4856-A4E7-3FD0AAC80297}.Debug|Any CPU.ActiveCfg = Debug|Any CPU
		{A088C782-9AB2-4856-A4E7-3FD0AAC80297}.Debug|Any CPU.Build.0 = Debug|Any CPU
		{A088C782-9AB2-4856-A4E7-3FD0AAC80297}.Release|Any CPU.ActiveCfg = Release|Any CPU
		{A088C782-9AB2-4856-A4E7-3FD0AAC80297}.Release|Any CPU.Build.0 = Release|Any CPU
	EndGlobalSection
	GlobalSection(SolutionProperties) = preSolution
		HideSolutionNode = FALSE
	EndGlobalSection
	GlobalSection(ExtensibilityGlobals) = postSolution
		SolutionGuid = {2C664B5D-420F-42CB-8FBD-0936C91C1512}
	EndGlobalSection
EndGlobal
